# THIS IS AN AUTOGENERATED FILE. DO NOT EDIT THIS FILE DIRECTLY.
# yarn lockfile v1


flatten@^1.0.2:
  version "1.0.2"
  resolved "https://registry.yarnpkg.com/flatten/-/flatten-1.0.2.tgz#dae46a9d78fbe25292258cc1e780a41d95c03782"

object-dig@^0.1.1:
  version "0.1.1"
  resolved "https://registry.yarnpkg.com/object-dig/-/object-dig-0.1.1.tgz#fe72e7460c5673951273b09e5d82e314c2c5acdb"

object-path-immutable@^0.5.1:
  version "0.5.1"
  resolved "https://registry.yarnpkg.com/object-path-immutable/-/object-path-immutable-0.5.1.tgz#4371599ab2b914750c51be96a4801dbdc4d5a4b3"

object-path@^0.11.4:
  version "0.11.4"
  resolved "https://registry.yarnpkg.com/object-path/-/object-path-0.11.4.tgz#370ae752fbf37de3ea70a861c23bba8915691949"

promise-defer@^1.0.0:
  version "1.0.0"
  resolved "https://registry.yarnpkg.com/promise-defer/-/promise-defer-1.0.0.tgz#25a8093f19bab40c62a8e464c97d04fe4cdc0a24"
